// !$*UTF8*$!
{
	archiveVersion = 1;
	classes = {
	};
	objectVersion = 48;
	objects = {

/* Begin PBXBuildFile section */
		060A6D8C2087C53A000F43AE /* SettingsPageTableViewController.swift in Sources */ = {isa = PBXBuildFile; fileRef = 060A6D8B2087C53A000F43AE /* SettingsPageTableViewController.swift */; };
		06109666203A97F0004827E4 /* PopUpViewController.swift in Sources */ = {isa = PBXBuildFile; fileRef = 06109665203A97F0004827E4 /* PopUpViewController.swift */; };
		06109668203AA603004827E4 /* FriendsViewController.swift in Sources */ = {isa = PBXBuildFile; fileRef = 06109667203AA603004827E4 /* FriendsViewController.swift */; };
		0610966D203AA907004827E4 /* FriendsCell.xib in Resources */ = {isa = PBXBuildFile; fileRef = 0610966C203AA907004827E4 /* FriendsCell.xib */; };
		0610966F203AAAFD004827E4 /* customFriendCell.swift in Sources */ = {isa = PBXBuildFile; fileRef = 0610966E203AAAFD004827E4 /* customFriendCell.swift */; };
		0634D7E22091A553003C9E1B /* SubmissionViewController.swift in Sources */ = {isa = PBXBuildFile; fileRef = 0634D7E12091A553003C9E1B /* SubmissionViewController.swift */; };
		0634D7E42091A655003C9E1B /* SubmitModel.swift in Sources */ = {isa = PBXBuildFile; fileRef = 0634D7E32091A655003C9E1B /* SubmitModel.swift */; };
		064C2E5C208546DD000F33E7 /* CardListingsViewController.swift in Sources */ = {isa = PBXBuildFile; fileRef = 064C2E4C208546DD000F33E7 /* CardListingsViewController.swift */; };
		064C2E5D208546DD000F33E7 /* CGPoint+SwipeableAdditions.swift in Sources */ = {isa = PBXBuildFile; fileRef = 064C2E4D208546DD000F33E7 /* CGPoint+SwipeableAdditions.swift */; };
		064C2E5E208546DD000F33E7 /* CGRect+SwipeAdditions.swift in Sources */ = {isa = PBXBuildFile; fileRef = 064C2E4E208546DD000F33E7 /* CGRect+SwipeAdditions.swift */; };
		064C2E5F208546DD000F33E7 /* NibView.swift in Sources */ = {isa = PBXBuildFile; fileRef = 064C2E4F208546DD000F33E7 /* NibView.swift */; };
		064C2E60208546DD000F33E7 /* SampleSwipeableCard.swift in Sources */ = {isa = PBXBuildFile; fileRef = 064C2E50208546DD000F33E7 /* SampleSwipeableCard.swift */; };
		064C2E61208546DD000F33E7 /* SampleSwipeableCard.xib in Resources */ = {isa = PBXBuildFile; fileRef = 064C2E51208546DD000F33E7 /* SampleSwipeableCard.xib */; };
		064C2E62208546DD000F33E7 /* SampleSwipeableCellViewModel.swift in Sources */ = {isa = PBXBuildFile; fileRef = 064C2E52208546DD000F33E7 /* SampleSwipeableCellViewModel.swift */; };
		064C2E63208546DD000F33E7 /* SwipeableCardViewCard.swift in Sources */ = {isa = PBXBuildFile; fileRef = 064C2E53208546DD000F33E7 /* SwipeableCardViewCard.swift */; };
		064C2E64208546DD000F33E7 /* SwipeableCardViewCard.xib in Resources */ = {isa = PBXBuildFile; fileRef = 064C2E54208546DD000F33E7 /* SwipeableCardViewCard.xib */; };
		064C2E65208546DD000F33E7 /* SwipeableCardViewContainer.swift in Sources */ = {isa = PBXBuildFile; fileRef = 064C2E55208546DD000F33E7 /* SwipeableCardViewContainer.swift */; };
		064C2E66208546DD000F33E7 /* SwipeableCardViewDataSource.swift in Sources */ = {isa = PBXBuildFile; fileRef = 064C2E56208546DD000F33E7 /* SwipeableCardViewDataSource.swift */; };
		064C2E67208546DD000F33E7 /* SwipeableCardViewDelegate.swift in Sources */ = {isa = PBXBuildFile; fileRef = 064C2E57208546DD000F33E7 /* SwipeableCardViewDelegate.swift */; };
		064C2E68208546DD000F33E7 /* SwipeableView.swift in Sources */ = {isa = PBXBuildFile; fileRef = 064C2E58208546DD000F33E7 /* SwipeableView.swift */; };
		064C2E69208546DD000F33E7 /* SwipeableViewDelegate.swift in Sources */ = {isa = PBXBuildFile; fileRef = 064C2E59208546DD000F33E7 /* SwipeableViewDelegate.swift */; };
		064C2E6A208546DD000F33E7 /* SwipeDirection.swift in Sources */ = {isa = PBXBuildFile; fileRef = 064C2E5A208546DD000F33E7 /* SwipeDirection.swift */; };
		064C2E6B208546DD000F33E7 /* UIView+Constraints.swift in Sources */ = {isa = PBXBuildFile; fileRef = 064C2E5B208546DD000F33E7 /* UIView+Constraints.swift */; };
		06806E86203D4E9F00D4EE34 /* customFeedCell.xib in Resources */ = {isa = PBXBuildFile; fileRef = 06806E84203D4E9F00D4EE34 /* customFeedCell.xib */; };
		06806E87203D4E9F00D4EE34 /* customFeedCell.swift in Sources */ = {isa = PBXBuildFile; fileRef = 06806E85203D4E9F00D4EE34 /* customFeedCell.swift */; };
		06AE2BC82038EB40008E24B5 /* Cocomat Light-trial.ttf in Resources */ = {isa = PBXBuildFile; fileRef = 06AE2BC62038EB3D008E24B5 /* Cocomat Light-trial.ttf */; };
		06AE2BC92038EB40008E24B5 /* Cocomat Ultralight-trial.ttf in Resources */ = {isa = PBXBuildFile; fileRef = 06AE2BC72038EB3E008E24B5 /* Cocomat Ultralight-trial.ttf */; };
		06AE2BCB2038EB87008E24B5 /* Cocomat Ultralight-trial.ttf in Resources */ = {isa = PBXBuildFile; fileRef = 06AE2BC72038EB3E008E24B5 /* Cocomat Ultralight-trial.ttf */; };
		06AE2BCC2038EB87008E24B5 /* Cocomat Ultralight-trial.ttf in Resources */ = {isa = PBXBuildFile; fileRef = 06AE2BC72038EB3E008E24B5 /* Cocomat Ultralight-trial.ttf */; };
		06AE2BCD2038EB89008E24B5 /* Cocomat Light-trial.ttf in Resources */ = {isa = PBXBuildFile; fileRef = 06AE2BC62038EB3D008E24B5 /* Cocomat Light-trial.ttf */; };
		06AE2BCE2038EB8A008E24B5 /* Cocomat Light-trial.ttf in Resources */ = {isa = PBXBuildFile; fileRef = 06AE2BC62038EB3D008E24B5 /* Cocomat Light-trial.ttf */; };
		06EE225A2039249B00DED1CA /* PortfolioController.swift in Sources */ = {isa = PBXBuildFile; fileRef = 06EE22592039249B00DED1CA /* PortfolioController.swift */; };
		115E58D79D54268997D43FA3 /* Pods_dvvyTests.framework in Frameworks */ = {isa = PBXBuildFile; fileRef = 5C0D3A85752E2B5377AAD53E /* Pods_dvvyTests.framework */; };
		1902703F203AA685000A09CC /* SubmitViewController.swift in Sources */ = {isa = PBXBuildFile; fileRef = 1902703E203AA685000A09CC /* SubmitViewController.swift */; };
		19819554203AAD3500E88201 /* MessageViewController.swift in Sources */ = {isa = PBXBuildFile; fileRef = 19819553203AAD3500E88201 /* MessageViewController.swift */; };
		3FF51460C232934EFD31E72E /* Pods_dvvy.framework in Frameworks */ = {isa = PBXBuildFile; fileRef = 15F5454B1C5AA6E68F33A858 /* Pods_dvvy.framework */; };
		79245D2F20812FA300DF3423 /* CollabModel.swift in Sources */ = {isa = PBXBuildFile; fileRef = 79245D2E20812FA300DF3423 /* CollabModel.swift */; };
		796E1594201E5C4E0051605E /* AppDelegate.swift in Sources */ = {isa = PBXBuildFile; fileRef = 796E1593201E5C4E0051605E /* AppDelegate.swift */; };
		796E1596201E5C4E0051605E /* ViewController.swift in Sources */ = {isa = PBXBuildFile; fileRef = 796E1595201E5C4E0051605E /* ViewController.swift */; };
		796E1599201E5C4E0051605E /* Main.storyboard in Resources */ = {isa = PBXBuildFile; fileRef = 796E1597201E5C4E0051605E /* Main.storyboard */; };
		796E159B201E5C4E0051605E /* Assets.xcassets in Resources */ = {isa = PBXBuildFile; fileRef = 796E159A201E5C4E0051605E /* Assets.xcassets */; };
		796E159E201E5C4E0051605E /* LaunchScreen.storyboard in Resources */ = {isa = PBXBuildFile; fileRef = 796E159C201E5C4E0051605E /* LaunchScreen.storyboard */; };
		796E15A9201E5C4F0051605E /* dvvyTests.swift in Sources */ = {isa = PBXBuildFile; fileRef = 796E15A8201E5C4F0051605E /* dvvyTests.swift */; };
		796E15B4201E5C4F0051605E /* dvvyUITests.swift in Sources */ = {isa = PBXBuildFile; fileRef = 796E15B3201E5C4F0051605E /* dvvyUITests.swift */; };
		797A6DDA207CB43B00583A77 /* SideUserCell.swift in Sources */ = {isa = PBXBuildFile; fileRef = 797A6DD9207CB43B00583A77 /* SideUserCell.swift */; };
		79A75254202AC76F00B9BC99 /* ProfileViewController.swift in Sources */ = {isa = PBXBuildFile; fileRef = 79A75253202AC76F00B9BC99 /* ProfileViewController.swift */; };
		79BDE3D620395E8F0011853A /* GoogleService-Info.plist in Resources */ = {isa = PBXBuildFile; fileRef = 79BDE3D520395E8F0011853A /* GoogleService-Info.plist */; };
		79BDE3D820396DF50011853A /* SignInViewController.swift in Sources */ = {isa = PBXBuildFile; fileRef = 79BDE3D720396DF50011853A /* SignInViewController.swift */; };
		79BDE3DA203977BE0011853A /* SignUpViewController.swift in Sources */ = {isa = PBXBuildFile; fileRef = 79BDE3D9203977BE0011853A /* SignUpViewController.swift */; };
		79EDD5BC205B9D990022DDCC /* FeedModel.swift in Sources */ = {isa = PBXBuildFile; fileRef = 79EDD5BB205B9D990022DDCC /* FeedModel.swift */; };
		79FA59AA20316815003C7131 /* BottomNavController.swift in Sources */ = {isa = PBXBuildFile; fileRef = 79FA59A920316815003C7131 /* BottomNavController.swift */; };
		79FFFD6A2049E97500DE4E18 /* UserModel.swift in Sources */ = {isa = PBXBuildFile; fileRef = 79FFFD692049E97500DE4E18 /* UserModel.swift */; };
		7F4234BB2029A30C009AE35F /* CollabViewController.swift in Sources */ = {isa = PBXBuildFile; fileRef = 7F4234BA2029A30C009AE35F /* CollabViewController.swift */; };
		7F4234BD2029A3A5009AE35F /* FeedViewController.swift in Sources */ = {isa = PBXBuildFile; fileRef = 7F4234BC2029A3A5009AE35F /* FeedViewController.swift */; };
		7F8C08BC2028434F0051B6F9 /* MenuViewController.swift in Sources */ = {isa = PBXBuildFile; fileRef = 7F8C08BB2028434F0051B6F9 /* MenuViewController.swift */; };
		960FADD62084376700A861E8 /* TermsViewController.swift in Sources */ = {isa = PBXBuildFile; fileRef = 960FADD52084376700A861E8 /* TermsViewController.swift */; };
		96A031552057927800BDC4DA /* customListingCell.swift in Sources */ = {isa = PBXBuildFile; fileRef = 96A031532057927800BDC4DA /* customListingCell.swift */; };
		96A031562057927800BDC4DA /* customListingCell.xib in Resources */ = {isa = PBXBuildFile; fileRef = 96A031542057927800BDC4DA /* customListingCell.xib */; };
		D8187AB5203CC7E2005EEAC8 /* GeneralViewController.swift in Sources */ = {isa = PBXBuildFile; fileRef = D8187AB4203CC7E2005EEAC8 /* GeneralViewController.swift */; };
		D886FF2C203BBC91008573A2 /* AccountViewController.swift in Sources */ = {isa = PBXBuildFile; fileRef = D886FF2B203BBC91008573A2 /* AccountViewController.swift */; };
		D8F8FFB2207F195D0061E8B4 /* BaseViewController.swift in Sources */ = {isa = PBXBuildFile; fileRef = D8F8FFB1207F195D0061E8B4 /* BaseViewController.swift */; };
		D8F8FFB4207F1AEC0061E8B4 /* ChatModel.swift in Sources */ = {isa = PBXBuildFile; fileRef = D8F8FFB3207F1AEC0061E8B4 /* ChatModel.swift */; };
		F0E9DBA3478B5E903598A17D /* Pods_dvvyUITests.framework in Frameworks */ = {isa = PBXBuildFile; fileRef = 6D5F64B00883769C694EB9D5 /* Pods_dvvyUITests.framework */; };
/* End PBXBuildFile section */

/* Begin PBXContainerItemProxy section */
		796E15A5201E5C4F0051605E /* PBXContainerItemProxy */ = {
			isa = PBXContainerItemProxy;
			containerPortal = 796E1588201E5C4E0051605E /* Project object */;
			proxyType = 1;
			remoteGlobalIDString = 796E158F201E5C4E0051605E;
			remoteInfo = dvvy;
		};
		796E15B0201E5C4F0051605E /* PBXContainerItemProxy */ = {
			isa = PBXContainerItemProxy;
			containerPortal = 796E1588201E5C4E0051605E /* Project object */;
			proxyType = 1;
			remoteGlobalIDString = 796E158F201E5C4E0051605E;
			remoteInfo = dvvy;
		};
/* End PBXContainerItemProxy section */

/* Begin PBXFileReference section */
		060A6D8B2087C53A000F43AE /* SettingsPageTableViewController.swift */ = {isa = PBXFileReference; fileEncoding = 4; lastKnownFileType = sourcecode.swift; path = SettingsPageTableViewController.swift; sourceTree = "<group>"; };
		06109665203A97F0004827E4 /* PopUpViewController.swift */ = {isa = PBXFileReference; lastKnownFileType = sourcecode.swift; path = PopUpViewController.swift; sourceTree = "<group>"; };
		06109667203AA603004827E4 /* FriendsViewController.swift */ = {isa = PBXFileReference; lastKnownFileType = sourcecode.swift; path = FriendsViewController.swift; sourceTree = "<group>"; };
		0610966C203AA907004827E4 /* FriendsCell.xib */ = {isa = PBXFileReference; lastKnownFileType = file.xib; path = FriendsCell.xib; sourceTree = "<group>"; };
		0610966E203AAAFD004827E4 /* customFriendCell.swift */ = {isa = PBXFileReference; lastKnownFileType = sourcecode.swift; path = customFriendCell.swift; sourceTree = "<group>"; };
		0634D7E12091A553003C9E1B /* SubmissionViewController.swift */ = {isa = PBXFileReference; lastKnownFileType = sourcecode.swift; path = SubmissionViewController.swift; sourceTree = "<group>"; };
		0634D7E32091A655003C9E1B /* SubmitModel.swift */ = {isa = PBXFileReference; lastKnownFileType = sourcecode.swift; path = SubmitModel.swift; sourceTree = "<group>"; };
		064C2E4C208546DD000F33E7 /* CardListingsViewController.swift */ = {isa = PBXFileReference; fileEncoding = 4; lastKnownFileType = sourcecode.swift; path = CardListingsViewController.swift; sourceTree = "<group>"; };
		064C2E4D208546DD000F33E7 /* CGPoint+SwipeableAdditions.swift */ = {isa = PBXFileReference; fileEncoding = 4; lastKnownFileType = sourcecode.swift; path = "CGPoint+SwipeableAdditions.swift"; sourceTree = "<group>"; };
		064C2E4E208546DD000F33E7 /* CGRect+SwipeAdditions.swift */ = {isa = PBXFileReference; fileEncoding = 4; lastKnownFileType = sourcecode.swift; path = "CGRect+SwipeAdditions.swift"; sourceTree = "<group>"; };
		064C2E4F208546DD000F33E7 /* NibView.swift */ = {isa = PBXFileReference; fileEncoding = 4; lastKnownFileType = sourcecode.swift; path = NibView.swift; sourceTree = "<group>"; };
		064C2E50208546DD000F33E7 /* SampleSwipeableCard.swift */ = {isa = PBXFileReference; fileEncoding = 4; lastKnownFileType = sourcecode.swift; path = SampleSwipeableCard.swift; sourceTree = "<group>"; };
		064C2E51208546DD000F33E7 /* SampleSwipeableCard.xib */ = {isa = PBXFileReference; fileEncoding = 4; lastKnownFileType = file.xib; path = SampleSwipeableCard.xib; sourceTree = "<group>"; };
		064C2E52208546DD000F33E7 /* SampleSwipeableCellViewModel.swift */ = {isa = PBXFileReference; fileEncoding = 4; lastKnownFileType = sourcecode.swift; path = SampleSwipeableCellViewModel.swift; sourceTree = "<group>"; };
		064C2E53208546DD000F33E7 /* SwipeableCardViewCard.swift */ = {isa = PBXFileReference; fileEncoding = 4; lastKnownFileType = sourcecode.swift; path = SwipeableCardViewCard.swift; sourceTree = "<group>"; };
		064C2E54208546DD000F33E7 /* SwipeableCardViewCard.xib */ = {isa = PBXFileReference; fileEncoding = 4; lastKnownFileType = file.xib; path = SwipeableCardViewCard.xib; sourceTree = "<group>"; };
		064C2E55208546DD000F33E7 /* SwipeableCardViewContainer.swift */ = {isa = PBXFileReference; fileEncoding = 4; lastKnownFileType = sourcecode.swift; path = SwipeableCardViewContainer.swift; sourceTree = "<group>"; };
		064C2E56208546DD000F33E7 /* SwipeableCardViewDataSource.swift */ = {isa = PBXFileReference; fileEncoding = 4; lastKnownFileType = sourcecode.swift; path = SwipeableCardViewDataSource.swift; sourceTree = "<group>"; };
		064C2E57208546DD000F33E7 /* SwipeableCardViewDelegate.swift */ = {isa = PBXFileReference; fileEncoding = 4; lastKnownFileType = sourcecode.swift; path = SwipeableCardViewDelegate.swift; sourceTree = "<group>"; };
		064C2E58208546DD000F33E7 /* SwipeableView.swift */ = {isa = PBXFileReference; fileEncoding = 4; lastKnownFileType = sourcecode.swift; path = SwipeableView.swift; sourceTree = "<group>"; };
		064C2E59208546DD000F33E7 /* SwipeableViewDelegate.swift */ = {isa = PBXFileReference; fileEncoding = 4; lastKnownFileType = sourcecode.swift; path = SwipeableViewDelegate.swift; sourceTree = "<group>"; };
		064C2E5A208546DD000F33E7 /* SwipeDirection.swift */ = {isa = PBXFileReference; fileEncoding = 4; lastKnownFileType = sourcecode.swift; path = SwipeDirection.swift; sourceTree = "<group>"; };
		064C2E5B208546DD000F33E7 /* UIView+Constraints.swift */ = {isa = PBXFileReference; fileEncoding = 4; lastKnownFileType = sourcecode.swift; path = "UIView+Constraints.swift"; sourceTree = "<group>"; };
		06806E84203D4E9F00D4EE34 /* customFeedCell.xib */ = {isa = PBXFileReference; fileEncoding = 4; lastKnownFileType = file.xib; path = customFeedCell.xib; sourceTree = "<group>"; };
		06806E85203D4E9F00D4EE34 /* customFeedCell.swift */ = {isa = PBXFileReference; fileEncoding = 4; lastKnownFileType = sourcecode.swift; path = customFeedCell.swift; sourceTree = "<group>"; };
		06AE2BC62038EB3D008E24B5 /* Cocomat Light-trial.ttf */ = {isa = PBXFileReference; lastKnownFileType = file; path = "Cocomat Light-trial.ttf"; sourceTree = "<group>"; };
		06AE2BC72038EB3E008E24B5 /* Cocomat Ultralight-trial.ttf */ = {isa = PBXFileReference; lastKnownFileType = file; path = "Cocomat Ultralight-trial.ttf"; sourceTree = "<group>"; };
		06EE22592039249B00DED1CA /* PortfolioController.swift */ = {isa = PBXFileReference; lastKnownFileType = sourcecode.swift; path = PortfolioController.swift; sourceTree = "<group>"; };
		0EE2B3E50ADA629D152C9CCB /* Pods-dvvyUITests.debug.xcconfig */ = {isa = PBXFileReference; includeInIndex = 1; lastKnownFileType = text.xcconfig; name = "Pods-dvvyUITests.debug.xcconfig"; path = "Pods/Target Support Files/Pods-dvvyUITests/Pods-dvvyUITests.debug.xcconfig"; sourceTree = "<group>"; };
		15F5454B1C5AA6E68F33A858 /* Pods_dvvy.framework */ = {isa = PBXFileReference; explicitFileType = wrapper.framework; includeInIndex = 0; path = Pods_dvvy.framework; sourceTree = BUILT_PRODUCTS_DIR; };
		1775869280AB58314E824DE0 /* Pods-dvvyTests.debug.xcconfig */ = {isa = PBXFileReference; includeInIndex = 1; lastKnownFileType = text.xcconfig; name = "Pods-dvvyTests.debug.xcconfig"; path = "Pods/Target Support Files/Pods-dvvyTests/Pods-dvvyTests.debug.xcconfig"; sourceTree = "<group>"; };
		1902703E203AA685000A09CC /* SubmitViewController.swift */ = {isa = PBXFileReference; lastKnownFileType = sourcecode.swift; path = SubmitViewController.swift; sourceTree = "<group>"; };
		19819553203AAD3500E88201 /* MessageViewController.swift */ = {isa = PBXFileReference; lastKnownFileType = sourcecode.swift; path = MessageViewController.swift; sourceTree = "<group>"; };
		3248EB318A16252DDEBF72B2 /* Pods-dvvyTests.release.xcconfig */ = {isa = PBXFileReference; includeInIndex = 1; lastKnownFileType = text.xcconfig; name = "Pods-dvvyTests.release.xcconfig"; path = "Pods/Target Support Files/Pods-dvvyTests/Pods-dvvyTests.release.xcconfig"; sourceTree = "<group>"; };
		5C0D3A85752E2B5377AAD53E /* Pods_dvvyTests.framework */ = {isa = PBXFileReference; explicitFileType = wrapper.framework; includeInIndex = 0; path = Pods_dvvyTests.framework; sourceTree = BUILT_PRODUCTS_DIR; };
		6D5F64B00883769C694EB9D5 /* Pods_dvvyUITests.framework */ = {isa = PBXFileReference; explicitFileType = wrapper.framework; includeInIndex = 0; path = Pods_dvvyUITests.framework; sourceTree = BUILT_PRODUCTS_DIR; };
		79245D2E20812FA300DF3423 /* CollabModel.swift */ = {isa = PBXFileReference; lastKnownFileType = sourcecode.swift; path = CollabModel.swift; sourceTree = "<group>"; };
		796E1590201E5C4E0051605E /* dvvy.app */ = {isa = PBXFileReference; explicitFileType = wrapper.application; includeInIndex = 0; path = dvvy.app; sourceTree = BUILT_PRODUCTS_DIR; };
		796E1593201E5C4E0051605E /* AppDelegate.swift */ = {isa = PBXFileReference; lastKnownFileType = sourcecode.swift; path = AppDelegate.swift; sourceTree = "<group>"; };
		796E1595201E5C4E0051605E /* ViewController.swift */ = {isa = PBXFileReference; lastKnownFileType = sourcecode.swift; path = ViewController.swift; sourceTree = "<group>"; };
		796E1598201E5C4E0051605E /* Base */ = {isa = PBXFileReference; lastKnownFileType = file.storyboard; name = Base; path = Base.lproj/Main.storyboard; sourceTree = "<group>"; };
		796E159A201E5C4E0051605E /* Assets.xcassets */ = {isa = PBXFileReference; lastKnownFileType = folder.assetcatalog; path = Assets.xcassets; sourceTree = "<group>"; };
		796E159D201E5C4E0051605E /* Base */ = {isa = PBXFileReference; lastKnownFileType = file.storyboard; name = Base; path = Base.lproj/LaunchScreen.storyboard; sourceTree = "<group>"; };
		796E159F201E5C4E0051605E /* Info.plist */ = {isa = PBXFileReference; lastKnownFileType = text.plist.xml; path = Info.plist; sourceTree = "<group>"; };
		796E15A4201E5C4F0051605E /* dvvyTests.xctest */ = {isa = PBXFileReference; explicitFileType = wrapper.cfbundle; includeInIndex = 0; path = dvvyTests.xctest; sourceTree = BUILT_PRODUCTS_DIR; };
		796E15A8201E5C4F0051605E /* dvvyTests.swift */ = {isa = PBXFileReference; lastKnownFileType = sourcecode.swift; path = dvvyTests.swift; sourceTree = "<group>"; };
		796E15AA201E5C4F0051605E /* Info.plist */ = {isa = PBXFileReference; lastKnownFileType = text.plist.xml; path = Info.plist; sourceTree = "<group>"; };
		796E15AF201E5C4F0051605E /* dvvyUITests.xctest */ = {isa = PBXFileReference; explicitFileType = wrapper.cfbundle; includeInIndex = 0; path = dvvyUITests.xctest; sourceTree = BUILT_PRODUCTS_DIR; };
		796E15B3201E5C4F0051605E /* dvvyUITests.swift */ = {isa = PBXFileReference; lastKnownFileType = sourcecode.swift; path = dvvyUITests.swift; sourceTree = "<group>"; };
		796E15B5201E5C4F0051605E /* Info.plist */ = {isa = PBXFileReference; lastKnownFileType = text.plist.xml; path = Info.plist; sourceTree = "<group>"; };
		797A6DD9207CB43B00583A77 /* SideUserCell.swift */ = {isa = PBXFileReference; lastKnownFileType = sourcecode.swift; path = SideUserCell.swift; sourceTree = "<group>"; };
		79A75253202AC76F00B9BC99 /* ProfileViewController.swift */ = {isa = PBXFileReference; fileEncoding = 4; lastKnownFileType = sourcecode.swift; path = ProfileViewController.swift; sourceTree = "<group>"; };
		79BDE3D520395E8F0011853A /* GoogleService-Info.plist */ = {isa = PBXFileReference; fileEncoding = 4; lastKnownFileType = text.plist.xml; path = "GoogleService-Info.plist"; sourceTree = "<group>"; };
		79BDE3D720396DF50011853A /* SignInViewController.swift */ = {isa = PBXFileReference; lastKnownFileType = sourcecode.swift; path = SignInViewController.swift; sourceTree = "<group>"; };
		79BDE3D9203977BE0011853A /* SignUpViewController.swift */ = {isa = PBXFileReference; lastKnownFileType = sourcecode.swift; path = SignUpViewController.swift; sourceTree = "<group>"; };
		79EDD5BB205B9D990022DDCC /* FeedModel.swift */ = {isa = PBXFileReference; lastKnownFileType = sourcecode.swift; name = FeedModel.swift; path = dvvy/Model/FeedModel.swift; sourceTree = SOURCE_ROOT; };
		79FA59A920316815003C7131 /* BottomNavController.swift */ = {isa = PBXFileReference; lastKnownFileType = sourcecode.swift; name = BottomNavController.swift; path = dvvy/Controller/BottomNavController.swift; sourceTree = SOURCE_ROOT; };
		79FFFD692049E97500DE4E18 /* UserModel.swift */ = {isa = PBXFileReference; lastKnownFileType = sourcecode.swift; name = UserModel.swift; path = dvvy/Model/UserModel.swift; sourceTree = SOURCE_ROOT; };
		7AD0C3207FD2F57736191EAF /* Pods-dvvy.debug.xcconfig */ = {isa = PBXFileReference; includeInIndex = 1; lastKnownFileType = text.xcconfig; name = "Pods-dvvy.debug.xcconfig"; path = "Pods/Target Support Files/Pods-dvvy/Pods-dvvy.debug.xcconfig"; sourceTree = "<group>"; };
		7F4234BA2029A30C009AE35F /* CollabViewController.swift */ = {isa = PBXFileReference; lastKnownFileType = sourcecode.swift; path = CollabViewController.swift; sourceTree = "<group>"; };
		7F4234BC2029A3A5009AE35F /* FeedViewController.swift */ = {isa = PBXFileReference; lastKnownFileType = sourcecode.swift; path = FeedViewController.swift; sourceTree = "<group>"; };
		7F8C08BB2028434F0051B6F9 /* MenuViewController.swift */ = {isa = PBXFileReference; lastKnownFileType = sourcecode.swift; path = MenuViewController.swift; sourceTree = "<group>"; };
		960FADD52084376700A861E8 /* TermsViewController.swift */ = {isa = PBXFileReference; lastKnownFileType = sourcecode.swift; path = TermsViewController.swift; sourceTree = "<group>"; };
		96A031532057927800BDC4DA /* customListingCell.swift */ = {isa = PBXFileReference; lastKnownFileType = sourcecode.swift; name = customListingCell.swift; path = "dvvy/Views/Custom Listing Cell/customListingCell.swift"; sourceTree = SOURCE_ROOT; };
		96A031542057927800BDC4DA /* customListingCell.xib */ = {isa = PBXFileReference; lastKnownFileType = file.xib; name = customListingCell.xib; path = "dvvy/Views/Custom Listing Cell/customListingCell.xib"; sourceTree = SOURCE_ROOT; };
		C77D72FCE7C8D8157904926D /* Pods-dvvy.release.xcconfig */ = {isa = PBXFileReference; includeInIndex = 1; lastKnownFileType = text.xcconfig; name = "Pods-dvvy.release.xcconfig"; path = "Pods/Target Support Files/Pods-dvvy/Pods-dvvy.release.xcconfig"; sourceTree = "<group>"; };
		D8187AB4203CC7E2005EEAC8 /* GeneralViewController.swift */ = {isa = PBXFileReference; lastKnownFileType = sourcecode.swift; path = GeneralViewController.swift; sourceTree = "<group>"; };
		D886FF2B203BBC91008573A2 /* AccountViewController.swift */ = {isa = PBXFileReference; lastKnownFileType = sourcecode.swift; path = AccountViewController.swift; sourceTree = "<group>"; };
		D8F8FFB1207F195D0061E8B4 /* BaseViewController.swift */ = {isa = PBXFileReference; fileEncoding = 4; lastKnownFileType = sourcecode.swift; path = BaseViewController.swift; sourceTree = "<group>"; };
		D8F8FFB3207F1AEC0061E8B4 /* ChatModel.swift */ = {isa = PBXFileReference; lastKnownFileType = sourcecode.swift; path = ChatModel.swift; sourceTree = "<group>"; };
		DC08679F92E4A8560130B8D2 /* Pods-dvvyUITests.release.xcconfig */ = {isa = PBXFileReference; includeInIndex = 1; lastKnownFileType = text.xcconfig; name = "Pods-dvvyUITests.release.xcconfig"; path = "Pods/Target Support Files/Pods-dvvyUITests/Pods-dvvyUITests.release.xcconfig"; sourceTree = "<group>"; };
/* End PBXFileReference section */

/* Begin PBXFrameworksBuildPhase section */
		796E158D201E5C4E0051605E /* Frameworks */ = {
			isa = PBXFrameworksBuildPhase;
			buildActionMask = 2147483647;
			files = (
				3FF51460C232934EFD31E72E /* Pods_dvvy.framework in Frameworks */,
			);
			runOnlyForDeploymentPostprocessing = 0;
		};
		796E15A1201E5C4F0051605E /* Frameworks */ = {
			isa = PBXFrameworksBuildPhase;
			buildActionMask = 2147483647;
			files = (
				115E58D79D54268997D43FA3 /* Pods_dvvyTests.framework in Frameworks */,
			);
			runOnlyForDeploymentPostprocessing = 0;
		};
		796E15AC201E5C4F0051605E /* Frameworks */ = {
			isa = PBXFrameworksBuildPhase;
			buildActionMask = 2147483647;
			files = (
				F0E9DBA3478B5E903598A17D /* Pods_dvvyUITests.framework in Frameworks */,
			);
			runOnlyForDeploymentPostprocessing = 0;
		};
/* End PBXFrameworksBuildPhase section */

/* Begin PBXGroup section */
		06109669203AA7B6004827E4 /* Custom Friends Cell */ = {
			isa = PBXGroup;
			children = (
				0610966C203AA907004827E4 /* FriendsCell.xib */,
				0610966E203AAAFD004827E4 /* customFriendCell.swift */,
			);
			path = "Custom Friends Cell";
			sourceTree = "<group>";
		};
		064C2E4B208546DD000F33E7 /* Cards */ = {
			isa = PBXGroup;
			children = (
				064C2E4C208546DD000F33E7 /* CardListingsViewController.swift */,
				064C2E4D208546DD000F33E7 /* CGPoint+SwipeableAdditions.swift */,
				064C2E4E208546DD000F33E7 /* CGRect+SwipeAdditions.swift */,
				064C2E4F208546DD000F33E7 /* NibView.swift */,
				064C2E50208546DD000F33E7 /* SampleSwipeableCard.swift */,
				064C2E51208546DD000F33E7 /* SampleSwipeableCard.xib */,
				064C2E52208546DD000F33E7 /* SampleSwipeableCellViewModel.swift */,
				064C2E53208546DD000F33E7 /* SwipeableCardViewCard.swift */,
				064C2E54208546DD000F33E7 /* SwipeableCardViewCard.xib */,
				064C2E55208546DD000F33E7 /* SwipeableCardViewContainer.swift */,
				064C2E56208546DD000F33E7 /* SwipeableCardViewDataSource.swift */,
				064C2E57208546DD000F33E7 /* SwipeableCardViewDelegate.swift */,
				064C2E58208546DD000F33E7 /* SwipeableView.swift */,
				064C2E59208546DD000F33E7 /* SwipeableViewDelegate.swift */,
				064C2E5A208546DD000F33E7 /* SwipeDirection.swift */,
				064C2E5B208546DD000F33E7 /* UIView+Constraints.swift */,
			);
			path = Cards;
			sourceTree = "<group>";
		};
		06806E83203D4E9F00D4EE34 /* Custom Feed Cell */ = {
			isa = PBXGroup;
			children = (
				06806E84203D4E9F00D4EE34 /* customFeedCell.xib */,
				06806E85203D4E9F00D4EE34 /* customFeedCell.swift */,
			);
			path = "Custom Feed Cell";
			sourceTree = "<group>";
		};
		06AE2BCA2038EB55008E24B5 /* font */ = {
			isa = PBXGroup;
			children = (
				06AE2BC72038EB3E008E24B5 /* Cocomat Ultralight-trial.ttf */,
				06AE2BC62038EB3D008E24B5 /* Cocomat Light-trial.ttf */,
			);
			path = font;
			sourceTree = "<group>";
		};
		680A706BA3C103D4E69C2189 /* Frameworks */ = {
			isa = PBXGroup;
			children = (
				15F5454B1C5AA6E68F33A858 /* Pods_dvvy.framework */,
				5C0D3A85752E2B5377AAD53E /* Pods_dvvyTests.framework */,
				6D5F64B00883769C694EB9D5 /* Pods_dvvyUITests.framework */,
			);
			name = Frameworks;
			sourceTree = "<group>";
		};
		796E1587201E5C4E0051605E = {
			isa = PBXGroup;
			children = (
				796E1592201E5C4E0051605E /* dvvy */,
				796E15A7201E5C4F0051605E /* dvvyTests */,
				796E15B2201E5C4F0051605E /* dvvyUITests */,
				796E1591201E5C4E0051605E /* Products */,
				84858CA5D5BF99E820008857 /* Pods */,
				680A706BA3C103D4E69C2189 /* Frameworks */,
			);
			sourceTree = "<group>";
		};
		796E1591201E5C4E0051605E /* Products */ = {
			isa = PBXGroup;
			children = (
				796E1590201E5C4E0051605E /* dvvy.app */,
				796E15A4201E5C4F0051605E /* dvvyTests.xctest */,
				796E15AF201E5C4F0051605E /* dvvyUITests.xctest */,
			);
			name = Products;
			sourceTree = "<group>";
		};
		796E1592201E5C4E0051605E /* dvvy */ = {
			isa = PBXGroup;
			children = (
				79BDE3D520395E8F0011853A /* GoogleService-Info.plist */,
				7F8C08B6202831A80051B6F9 /* Controller */,
				79EDD5BD205B9DCE0022DDCC /* Model */,
				7F8C08B8202831A80051B6F9 /* Views */,
				796E1593201E5C4E0051605E /* AppDelegate.swift */,
				796E1597201E5C4E0051605E /* Main.storyboard */,
				06AE2BCA2038EB55008E24B5 /* font */,
				796E159A201E5C4E0051605E /* Assets.xcassets */,
				796E159C201E5C4E0051605E /* LaunchScreen.storyboard */,
				796E159F201E5C4E0051605E /* Info.plist */,
			);
			path = dvvy;
			sourceTree = "<group>";
		};
		796E15A7201E5C4F0051605E /* dvvyTests */ = {
			isa = PBXGroup;
			children = (
				796E15A8201E5C4F0051605E /* dvvyTests.swift */,
				796E15AA201E5C4F0051605E /* Info.plist */,
			);
			path = dvvyTests;
			sourceTree = "<group>";
		};
		796E15B2201E5C4F0051605E /* dvvyUITests */ = {
			isa = PBXGroup;
			children = (
				796E15B3201E5C4F0051605E /* dvvyUITests.swift */,
				796E15B5201E5C4F0051605E /* Info.plist */,
			);
			path = dvvyUITests;
			sourceTree = "<group>";
		};
		79EDD5BD205B9DCE0022DDCC /* Model */ = {
			isa = PBXGroup;
			children = (
				79EDD5BB205B9D990022DDCC /* FeedModel.swift */,
				79FFFD692049E97500DE4E18 /* UserModel.swift */,
				79245D2E20812FA300DF3423 /* CollabModel.swift */,
				D8F8FFB3207F1AEC0061E8B4 /* ChatModel.swift */,
				0634D7E32091A655003C9E1B /* SubmitModel.swift */,
			);
			path = Model;
			sourceTree = "<group>";
		};
		7F8C08B6202831A80051B6F9 /* Controller */ = {
			isa = PBXGroup;
			children = (
				064C2E4B208546DD000F33E7 /* Cards */,
				79FA59A920316815003C7131 /* BottomNavController.swift */,
				D8F8FFB1207F195D0061E8B4 /* BaseViewController.swift */,
				06109667203AA603004827E4 /* FriendsViewController.swift */,
				06109665203A97F0004827E4 /* PopUpViewController.swift */,
				79A75253202AC76F00B9BC99 /* ProfileViewController.swift */,
				796E1595201E5C4E0051605E /* ViewController.swift */,
				7F8C08BB2028434F0051B6F9 /* MenuViewController.swift */,
				7F4234BA2029A30C009AE35F /* CollabViewController.swift */,
				D8187AB4203CC7E2005EEAC8 /* GeneralViewController.swift */,
				7F4234BC2029A3A5009AE35F /* FeedViewController.swift */,
				D886FF2B203BBC91008573A2 /* AccountViewController.swift */,
				79BDE3D720396DF50011853A /* SignInViewController.swift */,
				79BDE3D9203977BE0011853A /* SignUpViewController.swift */,
				06EE22592039249B00DED1CA /* PortfolioController.swift */,
				1902703E203AA685000A09CC /* SubmitViewController.swift */,
				19819553203AAD3500E88201 /* MessageViewController.swift */,
				960FADD52084376700A861E8 /* TermsViewController.swift */,
				060A6D8B2087C53A000F43AE /* SettingsPageTableViewController.swift */,
				0634D7E12091A553003C9E1B /* SubmissionViewController.swift */,
			);
			path = Controller;
			sourceTree = "<group>";
		};
		7F8C08B8202831A80051B6F9 /* Views */ = {
			isa = PBXGroup;
			children = (
				9675CED9205A27A00041E19D /* Custom Listing Cell */,
				06806E83203D4E9F00D4EE34 /* Custom Feed Cell */,
				06109669203AA7B6004827E4 /* Custom Friends Cell */,
				797A6DD9207CB43B00583A77 /* SideUserCell.swift */,
			);
			path = Views;
			sourceTree = "<group>";
		};
		84858CA5D5BF99E820008857 /* Pods */ = {
			isa = PBXGroup;
			children = (
				7AD0C3207FD2F57736191EAF /* Pods-dvvy.debug.xcconfig */,
				C77D72FCE7C8D8157904926D /* Pods-dvvy.release.xcconfig */,
				1775869280AB58314E824DE0 /* Pods-dvvyTests.debug.xcconfig */,
				3248EB318A16252DDEBF72B2 /* Pods-dvvyTests.release.xcconfig */,
				0EE2B3E50ADA629D152C9CCB /* Pods-dvvyUITests.debug.xcconfig */,
				DC08679F92E4A8560130B8D2 /* Pods-dvvyUITests.release.xcconfig */,
			);
			name = Pods;
			sourceTree = "<group>";
		};
		9675CED9205A27A00041E19D /* Custom Listing Cell */ = {
			isa = PBXGroup;
			children = (
				96A031532057927800BDC4DA /* customListingCell.swift */,
				96A031542057927800BDC4DA /* customListingCell.xib */,
			);
			path = "Custom Listing Cell";
			sourceTree = "<group>";
		};
/* End PBXGroup section */

/* Begin PBXNativeTarget section */
		796E158F201E5C4E0051605E /* dvvy */ = {
			isa = PBXNativeTarget;
			buildConfigurationList = 796E15B8201E5C4F0051605E /* Build configuration list for PBXNativeTarget "dvvy" */;
			buildPhases = (
				442F39F56E40A0A6FF2CC027 /* [CP] Check Pods Manifest.lock */,
				796E158C201E5C4E0051605E /* Sources */,
				796E158D201E5C4E0051605E /* Frameworks */,
				796E158E201E5C4E0051605E /* Resources */,
				4C4CCB725F2CBFE520B75666 /* [CP] Embed Pods Frameworks */,
				6B8F6A62615012028DF1EEDE /* [CP] Copy Pods Resources */,
			);
			buildRules = (
			);
			dependencies = (
			);
			name = dvvy;
			productName = dvvy;
			productReference = 796E1590201E5C4E0051605E /* dvvy.app */;
			productType = "com.apple.product-type.application";
		};
		796E15A3201E5C4F0051605E /* dvvyTests */ = {
			isa = PBXNativeTarget;
			buildConfigurationList = 796E15BB201E5C4F0051605E /* Build configuration list for PBXNativeTarget "dvvyTests" */;
			buildPhases = (
				E9A6F48906E57C00D532CC4E /* [CP] Check Pods Manifest.lock */,
				796E15A0201E5C4F0051605E /* Sources */,
				796E15A1201E5C4F0051605E /* Frameworks */,
				796E15A2201E5C4F0051605E /* Resources */,
				7B0C205BCB2C3E9680DA0657 /* [CP] Embed Pods Frameworks */,
				056C27E4B1014A8D22E5117D /* [CP] Copy Pods Resources */,
			);
			buildRules = (
			);
			dependencies = (
				796E15A6201E5C4F0051605E /* PBXTargetDependency */,
			);
			name = dvvyTests;
			productName = dvvyTests;
			productReference = 796E15A4201E5C4F0051605E /* dvvyTests.xctest */;
			productType = "com.apple.product-type.bundle.unit-test";
		};
		796E15AE201E5C4F0051605E /* dvvyUITests */ = {
			isa = PBXNativeTarget;
			buildConfigurationList = 796E15BE201E5C4F0051605E /* Build configuration list for PBXNativeTarget "dvvyUITests" */;
			buildPhases = (
				2B5FE2E0B6A3C04866597AF7 /* [CP] Check Pods Manifest.lock */,
				796E15AB201E5C4F0051605E /* Sources */,
				796E15AC201E5C4F0051605E /* Frameworks */,
				796E15AD201E5C4F0051605E /* Resources */,
				068ABFF4D0EF284D88E7C0F8 /* [CP] Embed Pods Frameworks */,
				A2A1192A23A0FC2904AAE567 /* [CP] Copy Pods Resources */,
			);
			buildRules = (
			);
			dependencies = (
				796E15B1201E5C4F0051605E /* PBXTargetDependency */,
			);
			name = dvvyUITests;
			productName = dvvyUITests;
			productReference = 796E15AF201E5C4F0051605E /* dvvyUITests.xctest */;
			productType = "com.apple.product-type.bundle.ui-testing";
		};
/* End PBXNativeTarget section */

/* Begin PBXProject section */
		796E1588201E5C4E0051605E /* Project object */ = {
			isa = PBXProject;
			attributes = {
				LastSwiftUpdateCheck = 0920;
				LastUpgradeCheck = 0920;
				ORGANIZATIONNAME = "David Bartholomew";
				TargetAttributes = {
					796E158F201E5C4E0051605E = {
						CreatedOnToolsVersion = 9.2;
						ProvisioningStyle = Automatic;
					};
					796E15A3201E5C4F0051605E = {
						CreatedOnToolsVersion = 9.2;
						ProvisioningStyle = Automatic;
						TestTargetID = 796E158F201E5C4E0051605E;
					};
					796E15AE201E5C4F0051605E = {
						CreatedOnToolsVersion = 9.2;
						ProvisioningStyle = Automatic;
						TestTargetID = 796E158F201E5C4E0051605E;
					};
				};
			};
			buildConfigurationList = 796E158B201E5C4E0051605E /* Build configuration list for PBXProject "dvvy" */;
			compatibilityVersion = "Xcode 8.0";
			developmentRegion = en;
			hasScannedForEncodings = 0;
			knownRegions = (
				en,
				Base,
			);
			mainGroup = 796E1587201E5C4E0051605E;
			productRefGroup = 796E1591201E5C4E0051605E /* Products */;
			projectDirPath = "";
			projectRoot = "";
			targets = (
				796E158F201E5C4E0051605E /* dvvy */,
				796E15A3201E5C4F0051605E /* dvvyTests */,
				796E15AE201E5C4F0051605E /* dvvyUITests */,
			);
		};
/* End PBXProject section */

/* Begin PBXResourcesBuildPhase section */
		796E158E201E5C4E0051605E /* Resources */ = {
			isa = PBXResourcesBuildPhase;
			buildActionMask = 2147483647;
			files = (
				064C2E61208546DD000F33E7 /* SampleSwipeableCard.xib in Resources */,
				796E159E201E5C4E0051605E /* LaunchScreen.storyboard in Resources */,
				79BDE3D620395E8F0011853A /* GoogleService-Info.plist in Resources */,
				06806E86203D4E9F00D4EE34 /* customFeedCell.xib in Resources */,
				06AE2BC92038EB40008E24B5 /* Cocomat Ultralight-trial.ttf in Resources */,
				796E159B201E5C4E0051605E /* Assets.xcassets in Resources */,
				0610966D203AA907004827E4 /* FriendsCell.xib in Resources */,
				06AE2BC82038EB40008E24B5 /* Cocomat Light-trial.ttf in Resources */,
				796E1599201E5C4E0051605E /* Main.storyboard in Resources */,
				96A031562057927800BDC4DA /* customListingCell.xib in Resources */,
				064C2E64208546DD000F33E7 /* SwipeableCardViewCard.xib in Resources */,
			);
			runOnlyForDeploymentPostprocessing = 0;
		};
		796E15A2201E5C4F0051605E /* Resources */ = {
			isa = PBXResourcesBuildPhase;
			buildActionMask = 2147483647;
			files = (
				06AE2BCD2038EB89008E24B5 /* Cocomat Light-trial.ttf in Resources */,
				06AE2BCB2038EB87008E24B5 /* Cocomat Ultralight-trial.ttf in Resources */,
			);
			runOnlyForDeploymentPostprocessing = 0;
		};
		796E15AD201E5C4F0051605E /* Resources */ = {
			isa = PBXResourcesBuildPhase;
			buildActionMask = 2147483647;
			files = (
				06AE2BCE2038EB8A008E24B5 /* Cocomat Light-trial.ttf in Resources */,
				06AE2BCC2038EB87008E24B5 /* Cocomat Ultralight-trial.ttf in Resources */,
			);
			runOnlyForDeploymentPostprocessing = 0;
		};
/* End PBXResourcesBuildPhase section */

/* Begin PBXShellScriptBuildPhase section */
		056C27E4B1014A8D22E5117D /* [CP] Copy Pods Resources */ = {
			isa = PBXShellScriptBuildPhase;
			buildActionMask = 2147483647;
			files = (
			);
			inputPaths = (
			);
			name = "[CP] Copy Pods Resources";
			outputPaths = (
			);
			runOnlyForDeploymentPostprocessing = 0;
			shellPath = /bin/sh;
			shellScript = "\"${SRCROOT}/Pods/Target Support Files/Pods-dvvyTests/Pods-dvvyTests-resources.sh\"\n";
			showEnvVarsInLog = 0;
		};
		068ABFF4D0EF284D88E7C0F8 /* [CP] Embed Pods Frameworks */ = {
			isa = PBXShellScriptBuildPhase;
			buildActionMask = 2147483647;
			files = (
			);
			inputPaths = (
			);
			name = "[CP] Embed Pods Frameworks";
			outputPaths = (
			);
			runOnlyForDeploymentPostprocessing = 0;
			shellPath = /bin/sh;
			shellScript = "\"${SRCROOT}/Pods/Target Support Files/Pods-dvvyUITests/Pods-dvvyUITests-frameworks.sh\"\n";
			showEnvVarsInLog = 0;
		};
		2B5FE2E0B6A3C04866597AF7 /* [CP] Check Pods Manifest.lock */ = {
			isa = PBXShellScriptBuildPhase;
			buildActionMask = 2147483647;
			files = (
			);
			inputPaths = (
				"${PODS_PODFILE_DIR_PATH}/Podfile.lock",
				"${PODS_ROOT}/Manifest.lock",
			);
			name = "[CP] Check Pods Manifest.lock";
			outputPaths = (
				"$(DERIVED_FILE_DIR)/Pods-dvvyUITests-checkManifestLockResult.txt",
			);
			runOnlyForDeploymentPostprocessing = 0;
			shellPath = /bin/sh;
			shellScript = "diff \"${PODS_PODFILE_DIR_PATH}/Podfile.lock\" \"${PODS_ROOT}/Manifest.lock\" > /dev/null\nif [ $? != 0 ] ; then\n    # print error to STDERR\n    echo \"error: The sandbox is not in sync with the Podfile.lock. Run 'pod install' or update your CocoaPods installation.\" >&2\n    exit 1\nfi\n# This output is used by Xcode 'outputs' to avoid re-running this script phase.\necho \"SUCCESS\" > \"${SCRIPT_OUTPUT_FILE_0}\"\n";
			showEnvVarsInLog = 0;
		};
		442F39F56E40A0A6FF2CC027 /* [CP] Check Pods Manifest.lock */ = {
			isa = PBXShellScriptBuildPhase;
			buildActionMask = 2147483647;
			files = (
			);
			inputPaths = (
				"${PODS_PODFILE_DIR_PATH}/Podfile.lock",
				"${PODS_ROOT}/Manifest.lock",
			);
			name = "[CP] Check Pods Manifest.lock";
			outputPaths = (
				"$(DERIVED_FILE_DIR)/Pods-dvvy-checkManifestLockResult.txt",
			);
			runOnlyForDeploymentPostprocessing = 0;
			shellPath = /bin/sh;
			shellScript = "diff \"${PODS_PODFILE_DIR_PATH}/Podfile.lock\" \"${PODS_ROOT}/Manifest.lock\" > /dev/null\nif [ $? != 0 ] ; then\n    # print error to STDERR\n    echo \"error: The sandbox is not in sync with the Podfile.lock. Run 'pod install' or update your CocoaPods installation.\" >&2\n    exit 1\nfi\n# This output is used by Xcode 'outputs' to avoid re-running this script phase.\necho \"SUCCESS\" > \"${SCRIPT_OUTPUT_FILE_0}\"\n";
			showEnvVarsInLog = 0;
		};
		4C4CCB725F2CBFE520B75666 /* [CP] Embed Pods Frameworks */ = {
			isa = PBXShellScriptBuildPhase;
			buildActionMask = 2147483647;
			files = (
			);
			inputPaths = (
				"${SRCROOT}/Pods/Target Support Files/Pods-dvvy/Pods-dvvy-frameworks.sh",
				"${BUILT_PRODUCTS_DIR}/BoringSSL/openssl.framework",
				"${BUILT_PRODUCTS_DIR}/GTMSessionFetcher/GTMSessionFetcher.framework",
				"${BUILT_PRODUCTS_DIR}/GoogleToolboxForMac/GoogleToolboxForMac.framework",
				"${BUILT_PRODUCTS_DIR}/KeychainSwift/KeychainSwift.framework",
				"${BUILT_PRODUCTS_DIR}/Protobuf/Protobuf.framework",
				"${BUILT_PRODUCTS_DIR}/gRPC/GRPCClient.framework",
				"${BUILT_PRODUCTS_DIR}/gRPC-Core/grpc.framework",
				"${BUILT_PRODUCTS_DIR}/gRPC-ProtoRPC/ProtoRPC.framework",
				"${BUILT_PRODUCTS_DIR}/gRPC-RxLibrary/RxLibrary.framework",
				"${BUILT_PRODUCTS_DIR}/leveldb-library/leveldb.framework",
				"${BUILT_PRODUCTS_DIR}/nanopb/nanopb.framework",
				"${BUILT_PRODUCTS_DIR}/pop/pop.framework",
			);
			name = "[CP] Embed Pods Frameworks";
			outputPaths = (
				"${TARGET_BUILD_DIR}/${FRAMEWORKS_FOLDER_PATH}/openssl.framework",
				"${TARGET_BUILD_DIR}/${FRAMEWORKS_FOLDER_PATH}/GTMSessionFetcher.framework",
				"${TARGET_BUILD_DIR}/${FRAMEWORKS_FOLDER_PATH}/GoogleToolboxForMac.framework",
				"${TARGET_BUILD_DIR}/${FRAMEWORKS_FOLDER_PATH}/KeychainSwift.framework",
				"${TARGET_BUILD_DIR}/${FRAMEWORKS_FOLDER_PATH}/Protobuf.framework",
				"${TARGET_BUILD_DIR}/${FRAMEWORKS_FOLDER_PATH}/GRPCClient.framework",
				"${TARGET_BUILD_DIR}/${FRAMEWORKS_FOLDER_PATH}/grpc.framework",
				"${TARGET_BUILD_DIR}/${FRAMEWORKS_FOLDER_PATH}/ProtoRPC.framework",
				"${TARGET_BUILD_DIR}/${FRAMEWORKS_FOLDER_PATH}/RxLibrary.framework",
				"${TARGET_BUILD_DIR}/${FRAMEWORKS_FOLDER_PATH}/leveldb.framework",
				"${TARGET_BUILD_DIR}/${FRAMEWORKS_FOLDER_PATH}/nanopb.framework",
				"${TARGET_BUILD_DIR}/${FRAMEWORKS_FOLDER_PATH}/pop.framework",
			);
			runOnlyForDeploymentPostprocessing = 0;
			shellPath = /bin/sh;
			shellScript = "\"${SRCROOT}/Pods/Target Support Files/Pods-dvvy/Pods-dvvy-frameworks.sh\"\n";
			showEnvVarsInLog = 0;
		};
		6B8F6A62615012028DF1EEDE /* [CP] Copy Pods Resources */ = {
			isa = PBXShellScriptBuildPhase;
			buildActionMask = 2147483647;
			files = (
			);
			inputPaths = (
			);
			name = "[CP] Copy Pods Resources";
			outputPaths = (
			);
			runOnlyForDeploymentPostprocessing = 0;
			shellPath = /bin/sh;
			shellScript = "\"${SRCROOT}/Pods/Target Support Files/Pods-dvvy/Pods-dvvy-resources.sh\"\n";
			showEnvVarsInLog = 0;
		};
		7B0C205BCB2C3E9680DA0657 /* [CP] Embed Pods Frameworks */ = {
			isa = PBXShellScriptBuildPhase;
			buildActionMask = 2147483647;
			files = (
			);
			inputPaths = (
			);
			name = "[CP] Embed Pods Frameworks";
			outputPaths = (
			);
			runOnlyForDeploymentPostprocessing = 0;
			shellPath = /bin/sh;
			shellScript = "\"${SRCROOT}/Pods/Target Support Files/Pods-dvvyTests/Pods-dvvyTests-frameworks.sh\"\n";
			showEnvVarsInLog = 0;
		};
		A2A1192A23A0FC2904AAE567 /* [CP] Copy Pods Resources */ = {
			isa = PBXShellScriptBuildPhase;
			buildActionMask = 2147483647;
			files = (
			);
			inputPaths = (
			);
			name = "[CP] Copy Pods Resources";
			outputPaths = (
			);
			runOnlyForDeploymentPostprocessing = 0;
			shellPath = /bin/sh;
			shellScript = "\"${SRCROOT}/Pods/Target Support Files/Pods-dvvyUITests/Pods-dvvyUITests-resources.sh\"\n";
			showEnvVarsInLog = 0;
		};
		E9A6F48906E57C00D532CC4E /* [CP] Check Pods Manifest.lock */ = {
			isa = PBXShellScriptBuildPhase;
			buildActionMask = 2147483647;
			files = (
			);
			inputPaths = (
				"${PODS_PODFILE_DIR_PATH}/Podfile.lock",
				"${PODS_ROOT}/Manifest.lock",
			);
			name = "[CP] Check Pods Manifest.lock";
			outputPaths = (
				"$(DERIVED_FILE_DIR)/Pods-dvvyTests-checkManifestLockResult.txt",
			);
			runOnlyForDeploymentPostprocessing = 0;
			shellPath = /bin/sh;
			shellScript = "diff \"${PODS_PODFILE_DIR_PATH}/Podfile.lock\" \"${PODS_ROOT}/Manifest.lock\" > /dev/null\nif [ $? != 0 ] ; then\n    # print error to STDERR\n    echo \"error: The sandbox is not in sync with the Podfile.lock. Run 'pod install' or update your CocoaPods installation.\" >&2\n    exit 1\nfi\n# This output is used by Xcode 'outputs' to avoid re-running this script phase.\necho \"SUCCESS\" > \"${SCRIPT_OUTPUT_FILE_0}\"\n";
			showEnvVarsInLog = 0;
		};
/* End PBXShellScriptBuildPhase section */

/* Begin PBXSourcesBuildPhase section */
		796E158C201E5C4E0051605E /* Sources */ = {
			isa = PBXSourcesBuildPhase;
			buildActionMask = 2147483647;
			files = (
				0610966F203AAAFD004827E4 /* customFriendCell.swift in Sources */,
				796E1596201E5C4E0051605E /* ViewController.swift in Sources */,
				064C2E5C208546DD000F33E7 /* CardListingsViewController.swift in Sources */,
				79FA59AA20316815003C7131 /* BottomNavController.swift in Sources */,
				79EDD5BC205B9D990022DDCC /* FeedModel.swift in Sources */,
				064C2E65208546DD000F33E7 /* SwipeableCardViewContainer.swift in Sources */,
				D8F8FFB2207F195D0061E8B4 /* BaseViewController.swift in Sources */,
				064C2E66208546DD000F33E7 /* SwipeableCardViewDataSource.swift in Sources */,
				D8187AB5203CC7E2005EEAC8 /* GeneralViewController.swift in Sources */,
				064C2E5F208546DD000F33E7 /* NibView.swift in Sources */,
				064C2E6B208546DD000F33E7 /* UIView+Constraints.swift in Sources */,
				06109666203A97F0004827E4 /* PopUpViewController.swift in Sources */,
				7F8C08BC2028434F0051B6F9 /* MenuViewController.swift in Sources */,
				960FADD62084376700A861E8 /* TermsViewController.swift in Sources */,
				064C2E60208546DD000F33E7 /* SampleSwipeableCard.swift in Sources */,
				79245D2F20812FA300DF3423 /* CollabModel.swift in Sources */,
				797A6DDA207CB43B00583A77 /* SideUserCell.swift in Sources */,
				79BDE3DA203977BE0011853A /* SignUpViewController.swift in Sources */,
				064C2E69208546DD000F33E7 /* SwipeableViewDelegate.swift in Sources */,
				064C2E67208546DD000F33E7 /* SwipeableCardViewDelegate.swift in Sources */,
				7F4234BB2029A30C009AE35F /* CollabViewController.swift in Sources */,
				064C2E63208546DD000F33E7 /* SwipeableCardViewCard.swift in Sources */,
				79BDE3D820396DF50011853A /* SignInViewController.swift in Sources */,
				06109668203AA603004827E4 /* FriendsViewController.swift in Sources */,
				064C2E6A208546DD000F33E7 /* SwipeDirection.swift in Sources */,
				06EE225A2039249B00DED1CA /* PortfolioController.swift in Sources */,
				D8F8FFB4207F1AEC0061E8B4 /* ChatModel.swift in Sources */,
				064C2E5D208546DD000F33E7 /* CGPoint+SwipeableAdditions.swift in Sources */,
				060A6D8C2087C53A000F43AE /* SettingsPageTableViewController.swift in Sources */,
				96A031552057927800BDC4DA /* customListingCell.swift in Sources */,
				7F4234BD2029A3A5009AE35F /* FeedViewController.swift in Sources */,
				19819554203AAD3500E88201 /* MessageViewController.swift in Sources */,
				1902703F203AA685000A09CC /* SubmitViewController.swift in Sources */,
				79A75254202AC76F00B9BC99 /* ProfileViewController.swift in Sources */,
				064C2E62208546DD000F33E7 /* SampleSwipeableCellViewModel.swift in Sources */,
				06806E87203D4E9F00D4EE34 /* customFeedCell.swift in Sources */,
				796E1594201E5C4E0051605E /* AppDelegate.swift in Sources */,
				79FFFD6A2049E97500DE4E18 /* UserModel.swift in Sources */,
				0634D7E22091A553003C9E1B /* SubmissionViewController.swift in Sources */,
				064C2E5E208546DD000F33E7 /* CGRect+SwipeAdditions.swift in Sources */,
				D886FF2C203BBC91008573A2 /* AccountViewController.swift in Sources */,
				0634D7E42091A655003C9E1B /* SubmitModel.swift in Sources */,
				064C2E68208546DD000F33E7 /* SwipeableView.swift in Sources */,
			);
			runOnlyForDeploymentPostprocessing = 0;
		};
		796E15A0201E5C4F0051605E /* Sources */ = {
			isa = PBXSourcesBuildPhase;
			buildActionMask = 2147483647;
			files = (
				796E15A9201E5C4F0051605E /* dvvyTests.swift in Sources */,
			);
			runOnlyForDeploymentPostprocessing = 0;
		};
		796E15AB201E5C4F0051605E /* Sources */ = {
			isa = PBXSourcesBuildPhase;
			buildActionMask = 2147483647;
			files = (
				796E15B4201E5C4F0051605E /* dvvyUITests.swift in Sources */,
			);
			runOnlyForDeploymentPostprocessing = 0;
		};
/* End PBXSourcesBuildPhase section */

/* Begin PBXTargetDependency section */
		796E15A6201E5C4F0051605E /* PBXTargetDependency */ = {
			isa = PBXTargetDependency;
			target = 796E158F201E5C4E0051605E /* dvvy */;
			targetProxy = 796E15A5201E5C4F0051605E /* PBXContainerItemProxy */;
		};
		796E15B1201E5C4F0051605E /* PBXTargetDependency */ = {
			isa = PBXTargetDependency;
			target = 796E158F201E5C4E0051605E /* dvvy */;
			targetProxy = 796E15B0201E5C4F0051605E /* PBXContainerItemProxy */;
		};
/* End PBXTargetDependency section */

/* Begin PBXVariantGroup section */
		796E1597201E5C4E0051605E /* Main.storyboard */ = {
			isa = PBXVariantGroup;
			children = (
				796E1598201E5C4E0051605E /* Base */,
			);
			name = Main.storyboard;
			sourceTree = "<group>";
		};
		796E159C201E5C4E0051605E /* LaunchScreen.storyboard */ = {
			isa = PBXVariantGroup;
			children = (
				796E159D201E5C4E0051605E /* Base */,
			);
			name = LaunchScreen.storyboard;
			sourceTree = "<group>";
		};
/* End PBXVariantGroup section */

/* Begin XCBuildConfiguration section */
		796E15B6201E5C4F0051605E /* Debug */ = {
			isa = XCBuildConfiguration;
			buildSettings = {
				ALWAYS_SEARCH_USER_PATHS = NO;
				CLANG_ANALYZER_NONNULL = YES;
				CLANG_ANALYZER_NUMBER_OBJECT_CONVERSION = YES_AGGRESSIVE;
				CLANG_CXX_LANGUAGE_STANDARD = "gnu++14";
				CLANG_CXX_LIBRARY = "libc++";
				CLANG_ENABLE_MODULES = YES;
				CLANG_ENABLE_OBJC_ARC = YES;
				CLANG_WARN_BLOCK_CAPTURE_AUTORELEASING = YES;
				CLANG_WARN_BOOL_CONVERSION = YES;
				CLANG_WARN_COMMA = YES;
				CLANG_WARN_CONSTANT_CONVERSION = YES;
				CLANG_WARN_DIRECT_OBJC_ISA_USAGE = YES_ERROR;
				CLANG_WARN_DOCUMENTATION_COMMENTS = YES;
				CLANG_WARN_EMPTY_BODY = YES;
				CLANG_WARN_ENUM_CONVERSION = YES;
				CLANG_WARN_INFINITE_RECURSION = YES;
				CLANG_WARN_INT_CONVERSION = YES;
				CLANG_WARN_NON_LITERAL_NULL_CONVERSION = YES;
				CLANG_WARN_OBJC_LITERAL_CONVERSION = YES;
				CLANG_WARN_OBJC_ROOT_CLASS = YES_ERROR;
				CLANG_WARN_RANGE_LOOP_ANALYSIS = YES;
				CLANG_WARN_STRICT_PROTOTYPES = YES;
				CLANG_WARN_SUSPICIOUS_MOVE = YES;
				CLANG_WARN_UNGUARDED_AVAILABILITY = YES_AGGRESSIVE;
				CLANG_WARN_UNREACHABLE_CODE = YES;
				CLANG_WARN__DUPLICATE_METHOD_MATCH = YES;
				CODE_SIGN_IDENTITY = "iPhone Developer";
				COPY_PHASE_STRIP = NO;
				DEBUG_INFORMATION_FORMAT = dwarf;
				ENABLE_STRICT_OBJC_MSGSEND = YES;
				ENABLE_TESTABILITY = YES;
				GCC_C_LANGUAGE_STANDARD = gnu11;
				GCC_DYNAMIC_NO_PIC = NO;
				GCC_NO_COMMON_BLOCKS = YES;
				GCC_OPTIMIZATION_LEVEL = 0;
				GCC_PREPROCESSOR_DEFINITIONS = (
					"DEBUG=1",
					"$(inherited)",
				);
				GCC_WARN_64_TO_32_BIT_CONVERSION = YES;
				GCC_WARN_ABOUT_RETURN_TYPE = YES_ERROR;
				GCC_WARN_UNDECLARED_SELECTOR = YES;
				GCC_WARN_UNINITIALIZED_AUTOS = YES_AGGRESSIVE;
				GCC_WARN_UNUSED_FUNCTION = YES;
				GCC_WARN_UNUSED_VARIABLE = YES;
				IPHONEOS_DEPLOYMENT_TARGET = 11.2;
				MTL_ENABLE_DEBUG_INFO = YES;
				ONLY_ACTIVE_ARCH = YES;
				SDKROOT = iphoneos;
				SWIFT_ACTIVE_COMPILATION_CONDITIONS = DEBUG;
				SWIFT_OPTIMIZATION_LEVEL = "-Onone";
			};
			name = Debug;
		};
		796E15B7201E5C4F0051605E /* Release */ = {
			isa = XCBuildConfiguration;
			buildSettings = {
				ALWAYS_SEARCH_USER_PATHS = NO;
				CLANG_ANALYZER_NONNULL = YES;
				CLANG_ANALYZER_NUMBER_OBJECT_CONVERSION = YES_AGGRESSIVE;
				CLANG_CXX_LANGUAGE_STANDARD = "gnu++14";
				CLANG_CXX_LIBRARY = "libc++";
				CLANG_ENABLE_MODULES = YES;
				CLANG_ENABLE_OBJC_ARC = YES;
				CLANG_WARN_BLOCK_CAPTURE_AUTORELEASING = YES;
				CLANG_WARN_BOOL_CONVERSION = YES;
				CLANG_WARN_COMMA = YES;
				CLANG_WARN_CONSTANT_CONVERSION = YES;
				CLANG_WARN_DIRECT_OBJC_ISA_USAGE = YES_ERROR;
				CLANG_WARN_DOCUMENTATION_COMMENTS = YES;
				CLANG_WARN_EMPTY_BODY = YES;
				CLANG_WARN_ENUM_CONVERSION = YES;
				CLANG_WARN_INFINITE_RECURSION = YES;
				CLANG_WARN_INT_CONVERSION = YES;
				CLANG_WARN_NON_LITERAL_NULL_CONVERSION = YES;
				CLANG_WARN_OBJC_LITERAL_CONVERSION = YES;
				CLANG_WARN_OBJC_ROOT_CLASS = YES_ERROR;
				CLANG_WARN_RANGE_LOOP_ANALYSIS = YES;
				CLANG_WARN_STRICT_PROTOTYPES = YES;
				CLANG_WARN_SUSPICIOUS_MOVE = YES;
				CLANG_WARN_UNGUARDED_AVAILABILITY = YES_AGGRESSIVE;
				CLANG_WARN_UNREACHABLE_CODE = YES;
				CLANG_WARN__DUPLICATE_METHOD_MATCH = YES;
				CODE_SIGN_IDENTITY = "iPhone Developer";
				COPY_PHASE_STRIP = NO;
				DEBUG_INFORMATION_FORMAT = "dwarf-with-dsym";
				ENABLE_NS_ASSERTIONS = NO;
				ENABLE_STRICT_OBJC_MSGSEND = YES;
				GCC_C_LANGUAGE_STANDARD = gnu11;
				GCC_NO_COMMON_BLOCKS = YES;
				GCC_WARN_64_TO_32_BIT_CONVERSION = YES;
				GCC_WARN_ABOUT_RETURN_TYPE = YES_ERROR;
				GCC_WARN_UNDECLARED_SELECTOR = YES;
				GCC_WARN_UNINITIALIZED_AUTOS = YES_AGGRESSIVE;
				GCC_WARN_UNUSED_FUNCTION = YES;
				GCC_WARN_UNUSED_VARIABLE = YES;
				IPHONEOS_DEPLOYMENT_TARGET = 11.2;
				MTL_ENABLE_DEBUG_INFO = NO;
				SDKROOT = iphoneos;
				SWIFT_OPTIMIZATION_LEVEL = "-Owholemodule";
				VALIDATE_PRODUCT = YES;
			};
			name = Release;
		};
		796E15B9201E5C4F0051605E /* Debug */ = {
			isa = XCBuildConfiguration;
			baseConfigurationReference = 7AD0C3207FD2F57736191EAF /* Pods-dvvy.debug.xcconfig */;
			buildSettings = {
				ASSETCATALOG_COMPILER_APPICON_NAME = AppIcon;
				CODE_SIGN_STYLE = Automatic;
				DEVELOPMENT_TEAM = 7W5US56K3E;
				INFOPLIST_FILE = dvvy/Info.plist;
				IPHONEOS_DEPLOYMENT_TARGET = 11.2;
				LD_RUNPATH_SEARCH_PATHS = "$(inherited) @executable_path/Frameworks";
				PRODUCT_BUNDLE_IDENTIFIER = com.blah.dvvy;
				PRODUCT_NAME = "$(TARGET_NAME)";
				SWIFT_VERSION = 4.0;
				TARGETED_DEVICE_FAMILY = 1;
			};
			name = Debug;
		};
		796E15BA201E5C4F0051605E /* Release */ = {
			isa = XCBuildConfiguration;
			baseConfigurationReference = C77D72FCE7C8D8157904926D /* Pods-dvvy.release.xcconfig */;
			buildSettings = {
				ASSETCATALOG_COMPILER_APPICON_NAME = AppIcon;
				CODE_SIGN_STYLE = Automatic;
				DEVELOPMENT_TEAM = 7W5US56K3E;
				INFOPLIST_FILE = dvvy/Info.plist;
				IPHONEOS_DEPLOYMENT_TARGET = 11.2;
				LD_RUNPATH_SEARCH_PATHS = "$(inherited) @executable_path/Frameworks";
				PRODUCT_BUNDLE_IDENTIFIER = com.blah.dvvy;
				PRODUCT_NAME = "$(TARGET_NAME)";
				SWIFT_VERSION = 4.0;
				TARGETED_DEVICE_FAMILY = 1;
			};
			name = Release;
		};
		796E15BC201E5C4F0051605E /* Debug */ = {
			isa = XCBuildConfiguration;
			baseConfigurationReference = 1775869280AB58314E824DE0 /* Pods-dvvyTests.debug.xcconfig */;
			buildSettings = {
				ALWAYS_EMBED_SWIFT_STANDARD_LIBRARIES = YES;
				BUNDLE_LOADER = "$(TEST_HOST)";
				CODE_SIGN_STYLE = Automatic;
				DEVELOPMENT_TEAM = 7W5US56K3E;
				INFOPLIST_FILE = dvvyTests/Info.plist;
				LD_RUNPATH_SEARCH_PATHS = "$(inherited) @executable_path/Frameworks @loader_path/Frameworks";
				PRODUCT_BUNDLE_IDENTIFIER = com.redsource.dvvyTests;
				PRODUCT_NAME = "$(TARGET_NAME)";
				SWIFT_VERSION = 4.0;
				TARGETED_DEVICE_FAMILY = "1,2";
				TEST_HOST = "$(BUILT_PRODUCTS_DIR)/dvvy.app/dvvy";
			};
			name = Debug;
		};
		796E15BD201E5C4F0051605E /* Release */ = {
			isa = XCBuildConfiguration;
			baseConfigurationReference = 3248EB318A16252DDEBF72B2 /* Pods-dvvyTests.release.xcconfig */;
			buildSettings = {
				ALWAYS_EMBED_SWIFT_STANDARD_LIBRARIES = YES;
				BUNDLE_LOADER = "$(TEST_HOST)";
				CODE_SIGN_STYLE = Automatic;
				DEVELOPMENT_TEAM = 7W5US56K3E;
				INFOPLIST_FILE = dvvyTests/Info.plist;
				LD_RUNPATH_SEARCH_PATHS = "$(inherited) @executable_path/Frameworks @loader_path/Frameworks";
				PRODUCT_BUNDLE_IDENTIFIER = com.redsource.dvvyTests;
				PRODUCT_NAME = "$(TARGET_NAME)";
				SWIFT_VERSION = 4.0;
				TARGETED_DEVICE_FAMILY = "1,2";
				TEST_HOST = "$(BUILT_PRODUCTS_DIR)/dvvy.app/dvvy";
			};
			name = Release;
		};
		796E15BF201E5C4F0051605E /* Debug */ = {
			isa = XCBuildConfiguration;
			baseConfigurationReference = 0EE2B3E50ADA629D152C9CCB /* Pods-dvvyUITests.debug.xcconfig */;
			buildSettings = {
				ALWAYS_EMBED_SWIFT_STANDARD_LIBRARIES = YES;
				CODE_SIGN_STYLE = Automatic;
				DEVELOPMENT_TEAM = 7W5US56K3E;
				INFOPLIST_FILE = dvvyUITests/Info.plist;
				LD_RUNPATH_SEARCH_PATHS = "$(inherited) @executable_path/Frameworks @loader_path/Frameworks";
				PRODUCT_BUNDLE_IDENTIFIER = com.redsource.dvvyUITests;
				PRODUCT_NAME = "$(TARGET_NAME)";
				SWIFT_VERSION = 4.0;
				TARGETED_DEVICE_FAMILY = "1,2";
				TEST_TARGET_NAME = dvvy;
			};
			name = Debug;
		};
		796E15C0201E5C4F0051605E /* Release */ = {
			isa = XCBuildConfiguration;
			baseConfigurationReference = DC08679F92E4A8560130B8D2 /* Pods-dvvyUITests.release.xcconfig */;
			buildSettings = {
				ALWAYS_EMBED_SWIFT_STANDARD_LIBRARIES = YES;
				CODE_SIGN_STYLE = Automatic;
				DEVELOPMENT_TEAM = 7W5US56K3E;
				INFOPLIST_FILE = dvvyUITests/Info.plist;
				LD_RUNPATH_SEARCH_PATHS = "$(inherited) @executable_path/Frameworks @loader_path/Frameworks";
				PRODUCT_BUNDLE_IDENTIFIER = com.redsource.dvvyUITests;
				PRODUCT_NAME = "$(TARGET_NAME)";
				SWIFT_VERSION = 4.0;
				TARGETED_DEVICE_FAMILY = "1,2";
				TEST_TARGET_NAME = dvvy;
			};
			name = Release;
		};
/* End XCBuildConfiguration section */

/* Begin XCConfigurationList section */
		796E158B201E5C4E0051605E /* Build configuration list for PBXProject "dvvy" */ = {
			isa = XCConfigurationList;
			buildConfigurations = (
				796E15B6201E5C4F0051605E /* Debug */,
				796E15B7201E5C4F0051605E /* Release */,
			);
			defaultConfigurationIsVisible = 0;
			defaultConfigurationName = Release;
		};
		796E15B8201E5C4F0051605E /* Build configuration list for PBXNativeTarget "dvvy" */ = {
			isa = XCConfigurationList;
			buildConfigurations = (
				796E15B9201E5C4F0051605E /* Debug */,
				796E15BA201E5C4F0051605E /* Release */,
			);
			defaultConfigurationIsVisible = 0;
			defaultConfigurationName = Release;
		};
		796E15BB201E5C4F0051605E /* Build configuration list for PBXNativeTarget "dvvyTests" */ = {
			isa = XCConfigurationList;
			buildConfigurations = (
				796E15BC201E5C4F0051605E /* Debug */,
				796E15BD201E5C4F0051605E /* Release */,
			);
			defaultConfigurationIsVisible = 0;
			defaultConfigurationName = Release;
		};
		796E15BE201E5C4F0051605E /* Build configuration list for PBXNativeTarget "dvvyUITests" */ = {
			isa = XCConfigurationList;
			buildConfigurations = (
				796E15BF201E5C4F0051605E /* Debug */,
				796E15C0201E5C4F0051605E /* Release */,
			);
			defaultConfigurationIsVisible = 0;
			defaultConfigurationName = Release;
		};
/* End XCConfigurationList section */
	};
	rootObject = 796E1588201E5C4E0051605E /* Project object */;
}
